
Microsoft Visual Studio Solution File, Format Version 12.00
# Visual Studio Version 16
VisualStudioVersion = 16.0.30621.155
MinimumVisualStudioVersion = 10.0.40219.1
Project("{8BC9CEB8-8B4A-11D0-8D11-00A0C91BC942}") = "2.25", "2.25.vcxproj", "{502A0D24-62DE-4699-8CA1-FECB460873A7}"
EndProject
Global
	GlobalSection(SolutionConfigurationPlatforms) = preSolution
		Debug|x64 = Debug|x64
		Debug|x86 = Debug|x86
		Release|x64 = Release|x64
		Release|x86 = Release|x86
	EndGlobalSection
	GlobalSection(ProjectConfigurationPlatforms) = postSolution
		{502A0D24-62DE-4699-8CA1-FECB460873A7}.Debug|x64.ActiveCfg = Debug|x64
		{502A0D24-62DE-4699-8CA1-FECB460873A7}.Debug|x64.Build.0 = Debug|x64
		{502A0D24-62DE-4699-8CA1-FECB460873A7}.Debug|x86.ActiveCfg = Debug|Win32
		{502A0D24-62DE-4699-8CA1-FECB460873A7}.Debug|x86.Build.0 = Debug|Win32
		{502A0D24-62DE-4699-8CA1-FECB460873A7}.Release|x64.ActiveCfg = Release|x64
		{502A0D24-62DE-4699-8CA1-FECB460873A7}.Release|x64.Build.0 = Release|x64
		{502A0D24-62DE-4699-8CA1-FECB460873A7}.Release|x86.ActiveCfg = Release|Win32
		{502A0D24-62DE-4699-8CA1-FECB460873A7}.Release|x86.Build.0 = Release|Win32
	EndGlobalSection
	GlobalSection(SolutionProperties) = preSolution
		HideSolutionNode = FALSE
	EndGlobalSection
	GlobalSection(ExtensibilityGlobals) = postSolution
		SolutionGuid = {8902AF8F-DCE5-4D2B-A991-4C0C35CA7D1B}
	EndGlobalSection
EndGlobal
